// !$*UTF8*$!
{
	archiveVersion = 1;
	classes = {
	};
	objectVersion = 51;
	objects = {

/* Begin PBXBuildFile section */
		3A02C4C9254D42F100BEA559 /* RSSParser.swift in Sources */ = {isa = PBXBuildFile; fileRef = 3A02C4C8254D42F100BEA559 /* RSSParser.swift */; };
		3A238161248D4FCD00E229C5 /* EditCard.swift in Sources */ = {isa = PBXBuildFile; fileRef = 3A238160248D4FCD00E229C5 /* EditCard.swift */; };
		3A2AAE59256F5C56005ECB85 /* ExtentionUIView.swift in Sources */ = {isa = PBXBuildFile; fileRef = 3A2AAE58256F5C56005ECB85 /* ExtentionUIView.swift */; };
		3A5E679F248B4F05003A0836 /* TranslateCardViewController.swift in Sources */ = {isa = PBXBuildFile; fileRef = 3A5E679E248B4F05003A0836 /* TranslateCardViewController.swift */; };
		3A5E67A1248B79D5003A0836 /* MainScreenTableViewController.swift in Sources */ = {isa = PBXBuildFile; fileRef = 3A5E67A0248B79D5003A0836 /* MainScreenTableViewController.swift */; };
		3A5E67A3248BCB77003A0836 /* TextsViewController.swift in Sources */ = {isa = PBXBuildFile; fileRef = 3A5E67A2248BCB77003A0836 /* TextsViewController.swift */; };
		3A5E67A6248BCC7F003A0836 /* TextsTableViewCell.swift in Sources */ = {isa = PBXBuildFile; fileRef = 3A5E67A5248BCC7F003A0836 /* TextsTableViewCell.swift */; };
		3A5E67A8248BDE81003A0836 /* Text.swift in Sources */ = {isa = PBXBuildFile; fileRef = 3A5E67A7248BDE81003A0836 /* Text.swift */; };
		3A5E67AA248CB233003A0836 /* StorageManager.swift in Sources */ = {isa = PBXBuildFile; fileRef = 3A5E67A9248CB233003A0836 /* StorageManager.swift */; };
		3A5E67AC248CB4AD003A0836 /* Card.swift in Sources */ = {isa = PBXBuildFile; fileRef = 3A5E67AB248CB4AD003A0836 /* Card.swift */; };
		3A5E67AE248CBF80003A0836 /* VocabularyViewController.swift in Sources */ = {isa = PBXBuildFile; fileRef = 3A5E67AD248CBF7F003A0836 /* VocabularyViewController.swift */; };
		3A5E67B1248CC0BE003A0836 /* VocabularyCell.swift in Sources */ = {isa = PBXBuildFile; fileRef = 3A5E67B0248CC0BE003A0836 /* VocabularyCell.swift */; };
		3A62D06D2578D27500850590 /* Translations.swift in Sources */ = {isa = PBXBuildFile; fileRef = 3A62D06C2578D27500850590 /* Translations.swift */; };
		3A75664525752C4D00C88941 /* Token.swift in Sources */ = {isa = PBXBuildFile; fileRef = 3A75664425752C4D00C88941 /* Token.swift */; };
		3A97A20424856DB700AD95E0 /* AppDelegate.swift in Sources */ = {isa = PBXBuildFile; fileRef = 3A97A20324856DB700AD95E0 /* AppDelegate.swift */; };
		3A97A20624856DB700AD95E0 /* SceneDelegate.swift in Sources */ = {isa = PBXBuildFile; fileRef = 3A97A20524856DB700AD95E0 /* SceneDelegate.swift */; };
		3A97A20824856DB700AD95E0 /* TextViewController.swift in Sources */ = {isa = PBXBuildFile; fileRef = 3A97A20724856DB700AD95E0 /* TextViewController.swift */; };
		3A97A20B24856DB700AD95E0 /* Main.storyboard in Resources */ = {isa = PBXBuildFile; fileRef = 3A97A20924856DB700AD95E0 /* Main.storyboard */; };
		3A97A20D24856DBA00AD95E0 /* Assets.xcassets in Resources */ = {isa = PBXBuildFile; fileRef = 3A97A20C24856DBA00AD95E0 /* Assets.xcassets */; };
		3A97A21024856DBA00AD95E0 /* LaunchScreen.storyboard in Resources */ = {isa = PBXBuildFile; fileRef = 3A97A20E24856DBA00AD95E0 /* LaunchScreen.storyboard */; };
		E5859E70EC61CF3F18B10432 /* Pods_LanguageClasses.framework in Frameworks */ = {isa = PBXBuildFile; fileRef = 217633F48B78F8F7FE64E837 /* Pods_LanguageClasses.framework */; };
/* End PBXBuildFile section */

/* Begin PBXFileReference section */
		217633F48B78F8F7FE64E837 /* Pods_LanguageClasses.framework */ = {isa = PBXFileReference; explicitFileType = wrapper.framework; includeInIndex = 0; path = Pods_LanguageClasses.framework; sourceTree = BUILT_PRODUCTS_DIR; };
		3A02C4C8254D42F100BEA559 /* RSSParser.swift */ = {isa = PBXFileReference; lastKnownFileType = sourcecode.swift; path = RSSParser.swift; sourceTree = "<group>"; };
		3A238160248D4FCD00E229C5 /* EditCard.swift */ = {isa = PBXFileReference; lastKnownFileType = sourcecode.swift; path = EditCard.swift; sourceTree = "<group>"; };
		3A2AAE58256F5C56005ECB85 /* ExtentionUIView.swift */ = {isa = PBXFileReference; lastKnownFileType = sourcecode.swift; path = ExtentionUIView.swift; sourceTree = "<group>"; };
		3A5E679E248B4F05003A0836 /* TranslateCardViewController.swift */ = {isa = PBXFileReference; lastKnownFileType = sourcecode.swift; path = TranslateCardViewController.swift; sourceTree = "<group>"; };
		3A5E67A0248B79D5003A0836 /* MainScreenTableViewController.swift */ = {isa = PBXFileReference; lastKnownFileType = sourcecode.swift; path = MainScreenTableViewController.swift; sourceTree = "<group>"; };
		3A5E67A2248BCB77003A0836 /* TextsViewController.swift */ = {isa = PBXFileReference; lastKnownFileType = sourcecode.swift; path = TextsViewController.swift; sourceTree = "<group>"; };
		3A5E67A5248BCC7F003A0836 /* TextsTableViewCell.swift */ = {isa = PBXFileReference; lastKnownFileType = sourcecode.swift; path = TextsTableViewCell.swift; sourceTree = "<group>"; };
		3A5E67A7248BDE81003A0836 /* Text.swift */ = {isa = PBXFileReference; lastKnownFileType = sourcecode.swift; path = Text.swift; sourceTree = "<group>"; };
		3A5E67A9248CB233003A0836 /* StorageManager.swift */ = {isa = PBXFileReference; lastKnownFileType = sourcecode.swift; path = StorageManager.swift; sourceTree = "<group>"; };
		3A5E67AB248CB4AD003A0836 /* Card.swift */ = {isa = PBXFileReference; lastKnownFileType = sourcecode.swift; path = Card.swift; sourceTree = "<group>"; };
		3A5E67AD248CBF7F003A0836 /* VocabularyViewController.swift */ = {isa = PBXFileReference; lastKnownFileType = sourcecode.swift; path = VocabularyViewController.swift; sourceTree = "<group>"; };
		3A5E67B0248CC0BE003A0836 /* VocabularyCell.swift */ = {isa = PBXFileReference; lastKnownFileType = sourcecode.swift; path = VocabularyCell.swift; sourceTree = "<group>"; };
		3A62D06C2578D27500850590 /* Translations.swift */ = {isa = PBXFileReference; lastKnownFileType = sourcecode.swift; path = Translations.swift; sourceTree = "<group>"; };
		3A75664425752C4D00C88941 /* Token.swift */ = {isa = PBXFileReference; lastKnownFileType = sourcecode.swift; path = Token.swift; sourceTree = "<group>"; };
		3A97A20024856DB700AD95E0 /* LanguageClasses.app */ = {isa = PBXFileReference; explicitFileType = wrapper.application; includeInIndex = 0; path = LanguageClasses.app; sourceTree = BUILT_PRODUCTS_DIR; };
		3A97A20324856DB700AD95E0 /* AppDelegate.swift */ = {isa = PBXFileReference; lastKnownFileType = sourcecode.swift; path = AppDelegate.swift; sourceTree = "<group>"; };
		3A97A20524856DB700AD95E0 /* SceneDelegate.swift */ = {isa = PBXFileReference; lastKnownFileType = sourcecode.swift; path = SceneDelegate.swift; sourceTree = "<group>"; };
		3A97A20724856DB700AD95E0 /* TextViewController.swift */ = {isa = PBXFileReference; lastKnownFileType = sourcecode.swift; path = TextViewController.swift; sourceTree = "<group>"; };
		3A97A20A24856DB700AD95E0 /* Base */ = {isa = PBXFileReference; lastKnownFileType = file.storyboard; name = Base; path = Base.lproj/Main.storyboard; sourceTree = "<group>"; };
		3A97A20C24856DBA00AD95E0 /* Assets.xcassets */ = {isa = PBXFileReference; lastKnownFileType = folder.assetcatalog; path = Assets.xcassets; sourceTree = "<group>"; };
		3A97A20F24856DBA00AD95E0 /* Base */ = {isa = PBXFileReference; lastKnownFileType = file.storyboard; name = Base; path = Base.lproj/LaunchScreen.storyboard; sourceTree = "<group>"; };
		3A97A21124856DBA00AD95E0 /* Info.plist */ = {isa = PBXFileReference; lastKnownFileType = text.plist.xml; path = Info.plist; sourceTree = "<group>"; };
		643508E8858E4F234525B6D4 /* Pods-LanguageClasses.release.xcconfig */ = {isa = PBXFileReference; includeInIndex = 1; lastKnownFileType = text.xcconfig; name = "Pods-LanguageClasses.release.xcconfig"; path = "Target Support Files/Pods-LanguageClasses/Pods-LanguageClasses.release.xcconfig"; sourceTree = "<group>"; };
		F1CB2E2C3256481FB1C2002D /* Pods-LanguageClasses.debug.xcconfig */ = {isa = PBXFileReference; includeInIndex = 1; lastKnownFileType = text.xcconfig; name = "Pods-LanguageClasses.debug.xcconfig"; path = "Target Support Files/Pods-LanguageClasses/Pods-LanguageClasses.debug.xcconfig"; sourceTree = "<group>"; };
/* End PBXFileReference section */

/* Begin PBXFrameworksBuildPhase section */
		3A97A1FD24856DB700AD95E0 /* Frameworks */ = {
			isa = PBXFrameworksBuildPhase;
			buildActionMask = 2147483647;
			files = (
				E5859E70EC61CF3F18B10432 /* Pods_LanguageClasses.framework in Frameworks */,
			);
			runOnlyForDeploymentPostprocessing = 0;
		};
/* End PBXFrameworksBuildPhase section */

/* Begin PBXGroup section */
		03DEF747B078FC9644695040 /* Pods */ = {
			isa = PBXGroup;
			children = (
				F1CB2E2C3256481FB1C2002D /* Pods-LanguageClasses.debug.xcconfig */,
				643508E8858E4F234525B6D4 /* Pods-LanguageClasses.release.xcconfig */,
			);
			path = Pods;
			sourceTree = "<group>";
		};
		0F798E996E6AA7655FDA7E54 /* Frameworks */ = {
			isa = PBXGroup;
			children = (
				217633F48B78F8F7FE64E837 /* Pods_LanguageClasses.framework */,
			);
			name = Frameworks;
			sourceTree = "<group>";
		};
		3A05A1132547DF5B00530FEF /* Model */ = {
			isa = PBXGroup;
			children = (
				3A5E67AB248CB4AD003A0836 /* Card.swift */,
				3A5E67A7248BDE81003A0836 /* Text.swift */,
				3A02C4C8254D42F100BEA559 /* RSSParser.swift */,
				3A62D06C2578D27500850590 /* Translations.swift */,
			);
			path = Model;
			sourceTree = "<group>";
		};
		3A5E67A4248BCC57003A0836 /* Texts */ = {
			isa = PBXGroup;
			children = (
				3A97A20724856DB700AD95E0 /* TextViewController.swift */,
				3A5E67A2248BCB77003A0836 /* TextsViewController.swift */,
				3A5E67A5248BCC7F003A0836 /* TextsTableViewCell.swift */,
				3A75664425752C4D00C88941 /* Token.swift */,
			);
			path = Texts;
			sourceTree = "<group>";
		};
		3A5E67AF248CC08B003A0836 /* Vocabulary */ = {
			isa = PBXGroup;
			children = (
				3A5E67AD248CBF7F003A0836 /* VocabularyViewController.swift */,
				3A5E67B0248CC0BE003A0836 /* VocabularyCell.swift */,
				3A238160248D4FCD00E229C5 /* EditCard.swift */,
			);
			path = Vocabulary;
			sourceTree = "<group>";
		};
		3A97A1F724856DB700AD95E0 = {
			isa = PBXGroup;
			children = (
				3A97A20224856DB700AD95E0 /* LanguageClasses */,
				3A97A20124856DB700AD95E0 /* Products */,
				03DEF747B078FC9644695040 /* Pods */,
				0F798E996E6AA7655FDA7E54 /* Frameworks */,
			);
			sourceTree = "<group>";
		};
		3A97A20124856DB700AD95E0 /* Products */ = {
			isa = PBXGroup;
			children = (
				3A97A20024856DB700AD95E0 /* LanguageClasses.app */,
			);
			name = Products;
			sourceTree = "<group>";
		};
		3A97A20224856DB700AD95E0 /* LanguageClasses */ = {
			isa = PBXGroup;
			children = (
				3A05A1132547DF5B00530FEF /* Model */,
				3A5E67AF248CC08B003A0836 /* Vocabulary */,
				3A5E67A4248BCC57003A0836 /* Texts */,
				3A97A20324856DB700AD95E0 /* AppDelegate.swift */,
				3A2AAE58256F5C56005ECB85 /* ExtentionUIView.swift */,
				3A97A20524856DB700AD95E0 /* SceneDelegate.swift */,
				3A97A20924856DB700AD95E0 /* Main.storyboard */,
				3A97A20C24856DBA00AD95E0 /* Assets.xcassets */,
				3A97A20E24856DBA00AD95E0 /* LaunchScreen.storyboard */,
				3A97A21124856DBA00AD95E0 /* Info.plist */,
				3A5E679E248B4F05003A0836 /* TranslateCardViewController.swift */,
				3A5E67A0248B79D5003A0836 /* MainScreenTableViewController.swift */,
				3A5E67A9248CB233003A0836 /* StorageManager.swift */,
			);
			path = LanguageClasses;
			sourceTree = "<group>";
		};
/* End PBXGroup section */

/* Begin PBXNativeTarget section */
		3A97A1FF24856DB700AD95E0 /* LanguageClasses */ = {
			isa = PBXNativeTarget;
			buildConfigurationList = 3A97A21424856DBA00AD95E0 /* Build configuration list for PBXNativeTarget "LanguageClasses" */;
			buildPhases = (
				2AF9536C8C08BBEA4FBD9D4B /* [CP] Check Pods Manifest.lock */,
				3A97A1FC24856DB700AD95E0 /* Sources */,
				3A97A1FD24856DB700AD95E0 /* Frameworks */,
				3A97A1FE24856DB700AD95E0 /* Resources */,
				EB34A748CC068B0F85A147F4 /* [CP] Embed Pods Frameworks */,
			);
			buildRules = (
			);
			dependencies = (
			);
			name = LanguageClasses;
			productName = LanguageClasses;
			productReference = 3A97A20024856DB700AD95E0 /* LanguageClasses.app */;
			productType = "com.apple.product-type.application";
		};
/* End PBXNativeTarget section */

/* Begin PBXProject section */
		3A97A1F824856DB700AD95E0 /* Project object */ = {
			isa = PBXProject;
			attributes = {
				LastSwiftUpdateCheck = 1130;
				LastUpgradeCheck = 1130;
				ORGANIZATIONNAME = "Бойко Григорий";
				TargetAttributes = {
					3A97A1FF24856DB700AD95E0 = {
						CreatedOnToolsVersion = 11.3.1;
					};
				};
			};
			buildConfigurationList = 3A97A1FB24856DB700AD95E0 /* Build configuration list for PBXProject "LanguageClasses" */;
			compatibilityVersion = "Xcode 9.3";
			developmentRegion = en;
			hasScannedForEncodings = 0;
			knownRegions = (
				en,
				Base,
			);
			mainGroup = 3A97A1F724856DB700AD95E0;
			productRefGroup = 3A97A20124856DB700AD95E0 /* Products */;
			projectDirPath = "";
			projectRoot = "";
			targets = (
				3A97A1FF24856DB700AD95E0 /* LanguageClasses */,
			);
		};
/* End PBXProject section */

/* Begin PBXResourcesBuildPhase section */
		3A97A1FE24856DB700AD95E0 /* Resources */ = {
			isa = PBXResourcesBuildPhase;
			buildActionMask = 2147483647;
			files = (
				3A97A21024856DBA00AD95E0 /* LaunchScreen.storyboard in Resources */,
				3A97A20D24856DBA00AD95E0 /* Assets.xcassets in Resources */,
				3A97A20B24856DB700AD95E0 /* Main.storyboard in Resources */,
			);
			runOnlyForDeploymentPostprocessing = 0;
		};
/* End PBXResourcesBuildPhase section */

/* Begin PBXShellScriptBuildPhase section */
		2AF9536C8C08BBEA4FBD9D4B /* [CP] Check Pods Manifest.lock */ = {
			isa = PBXShellScriptBuildPhase;
			buildActionMask = 2147483647;
			files = (
			);
			inputFileListPaths = (
			);
			inputPaths = (
				"${PODS_PODFILE_DIR_PATH}/Podfile.lock",
				"${PODS_ROOT}/Manifest.lock",
			);
			name = "[CP] Check Pods Manifest.lock";
			outputFileListPaths = (
			);
			outputPaths = (
				"$(DERIVED_FILE_DIR)/Pods-LanguageClasses-checkManifestLockResult.txt",
			);
			runOnlyForDeploymentPostprocessing = 0;
			shellPath = /bin/sh;
			shellScript = "diff \"${PODS_PODFILE_DIR_PATH}/Podfile.lock\" \"${PODS_ROOT}/Manifest.lock\" > /dev/null\nif [ $? != 0 ] ; then\n    # print error to STDERR\n    echo \"error: The sandbox is not in sync with the Podfile.lock. Run 'pod install' or update your CocoaPods installation.\" >&2\n    exit 1\nfi\n# This output is used by Xcode 'outputs' to avoid re-running this script phase.\necho \"SUCCESS\" > \"${SCRIPT_OUTPUT_FILE_0}\"\n";
			showEnvVarsInLog = 0;
		};
		EB34A748CC068B0F85A147F4 /* [CP] Embed Pods Frameworks */ = {
			isa = PBXShellScriptBuildPhase;
			buildActionMask = 2147483647;
			files = (
			);
			inputFileListPaths = (
				"${PODS_ROOT}/Target Support Files/Pods-LanguageClasses/Pods-LanguageClasses-frameworks-${CONFIGURATION}-input-files.xcfilelist",
			);
			name = "[CP] Embed Pods Frameworks";
			outputFileListPaths = (
				"${PODS_ROOT}/Target Support Files/Pods-LanguageClasses/Pods-LanguageClasses-frameworks-${CONFIGURATION}-output-files.xcfilelist",
			);
			runOnlyForDeploymentPostprocessing = 0;
			shellPath = /bin/sh;
			shellScript = "\"${PODS_ROOT}/Target Support Files/Pods-LanguageClasses/Pods-LanguageClasses-frameworks.sh\"\n";
			showEnvVarsInLog = 0;
		};
/* End PBXShellScriptBuildPhase section */

/* Begin PBXSourcesBuildPhase section */
		3A97A1FC24856DB700AD95E0 /* Sources */ = {
			isa = PBXSourcesBuildPhase;
			buildActionMask = 2147483647;
			files = (
				3A97A20824856DB700AD95E0 /* TextViewController.swift in Sources */,
				3A5E67A6248BCC7F003A0836 /* TextsTableViewCell.swift in Sources */,
				3A5E67A8248BDE81003A0836 /* Text.swift in Sources */,
				3A5E67AE248CBF80003A0836 /* VocabularyViewController.swift in Sources */,
				3A5E67AA248CB233003A0836 /* StorageManager.swift in Sources */,
				3A02C4C9254D42F100BEA559 /* RSSParser.swift in Sources */,
				3A2AAE59256F5C56005ECB85 /* ExtentionUIView.swift in Sources */,
				3A75664525752C4D00C88941 /* Token.swift in Sources */,
				3A5E67A1248B79D5003A0836 /* MainScreenTableViewController.swift in Sources */,
				3A5E679F248B4F05003A0836 /* TranslateCardViewController.swift in Sources */,
				3A62D06D2578D27500850590 /* Translations.swift in Sources */,
				3A238161248D4FCD00E229C5 /* EditCard.swift in Sources */,
				3A5E67B1248CC0BE003A0836 /* VocabularyCell.swift in Sources */,
				3A5E67A3248BCB77003A0836 /* TextsViewController.swift in Sources */,
				3A5E67AC248CB4AD003A0836 /* Card.swift in Sources */,
				3A97A20424856DB700AD95E0 /* AppDelegate.swift in Sources */,
				3A97A20624856DB700AD95E0 /* SceneDelegate.swift in Sources */,
			);
			runOnlyForDeploymentPostprocessing = 0;
		};
/* End PBXSourcesBuildPhase section */

/* Begin PBXVariantGroup section */
		3A97A20924856DB700AD95E0 /* Main.storyboard */ = {
			isa = PBXVariantGroup;
			children = (
				3A97A20A24856DB700AD95E0 /* Base */,
			);
			name = Main.storyboard;
			sourceTree = "<group>";
		};
		3A97A20E24856DBA00AD95E0 /* LaunchScreen.storyboard */ = {
			isa = PBXVariantGroup;
			children = (
				3A97A20F24856DBA00AD95E0 /* Base */,
			);
			name = LaunchScreen.storyboard;
			sourceTree = "<group>";
		};
/* End PBXVariantGroup section */

/* Begin XCBuildConfiguration section */
		3A97A21224856DBA00AD95E0 /* Debug */ = {
			isa = XCBuildConfiguration;
			buildSettings = {
				ALWAYS_SEARCH_USER_PATHS = NO;
				CLANG_ANALYZER_NONNULL = YES;
				CLANG_ANALYZER_NUMBER_OBJECT_CONVERSION = YES_AGGRESSIVE;
				CLANG_CXX_LANGUAGE_STANDARD = "gnu++14";
				CLANG_CXX_LIBRARY = "libc++";
				CLANG_ENABLE_MODULES = YES;
				CLANG_ENABLE_OBJC_ARC = YES;
				CLANG_ENABLE_OBJC_WEAK = YES;
				CLANG_WARN_BLOCK_CAPTURE_AUTORELEASING = YES;
				CLANG_WARN_BOOL_CONVERSION = YES;
				CLANG_WARN_COMMA = YES;
				CLANG_WARN_CONSTANT_CONVERSION = YES;
				CLANG_WARN_DEPRECATED_OBJC_IMPLEMENTATIONS = YES;
				CLANG_WARN_DIRECT_OBJC_ISA_USAGE = YES_ERROR;
				CLANG_WARN_DOCUMENTATION_COMMENTS = YES;
				CLANG_WARN_EMPTY_BODY = YES;
				CLANG_WARN_ENUM_CONVERSION = YES;
				CLANG_WARN_INFINITE_RECURSION = YES;
				CLANG_WARN_INT_CONVERSION = YES;
				CLANG_WARN_NON_LITERAL_NULL_CONVERSION = YES;
				CLANG_WARN_OBJC_IMPLICIT_RETAIN_SELF = YES;
				CLANG_WARN_OBJC_LITERAL_CONVERSION = YES;
				CLANG_WARN_OBJC_ROOT_CLASS = YES_ERROR;
				CLANG_WARN_RANGE_LOOP_ANALYSIS = YES;
				CLANG_WARN_STRICT_PROTOTYPES = YES;
				CLANG_WARN_SUSPICIOUS_MOVE = YES;
				CLANG_WARN_UNGUARDED_AVAILABILITY = YES_AGGRESSIVE;
				CLANG_WARN_UNREACHABLE_CODE = YES;
				CLANG_WARN__DUPLICATE_METHOD_MATCH = YES;
				COPY_PHASE_STRIP = NO;
				DEBUG_INFORMATION_FORMAT = dwarf;
				ENABLE_STRICT_OBJC_MSGSEND = YES;
				ENABLE_TESTABILITY = YES;
				GCC_C_LANGUAGE_STANDARD = gnu11;
				GCC_DYNAMIC_NO_PIC = NO;
				GCC_NO_COMMON_BLOCKS = YES;
				GCC_OPTIMIZATION_LEVEL = 0;
				GCC_PREPROCESSOR_DEFINITIONS = (
					"DEBUG=1",
					"$(inherited)",
				);
				GCC_WARN_64_TO_32_BIT_CONVERSION = YES;
				GCC_WARN_ABOUT_RETURN_TYPE = YES_ERROR;
				GCC_WARN_UNDECLARED_SELECTOR = YES;
				GCC_WARN_UNINITIALIZED_AUTOS = YES_AGGRESSIVE;
				GCC_WARN_UNUSED_FUNCTION = YES;
				GCC_WARN_UNUSED_VARIABLE = YES;
				IPHONEOS_DEPLOYMENT_TARGET = 13.2;
				MTL_ENABLE_DEBUG_INFO = INCLUDE_SOURCE;
				MTL_FAST_MATH = YES;
				ONLY_ACTIVE_ARCH = YES;
				SDKROOT = iphoneos;
				SWIFT_ACTIVE_COMPILATION_CONDITIONS = DEBUG;
				SWIFT_OPTIMIZATION_LEVEL = "-Onone";
			};
			name = Debug;
		};
		3A97A21324856DBA00AD95E0 /* Release */ = {
			isa = XCBuildConfiguration;
			buildSettings = {
				ALWAYS_SEARCH_USER_PATHS = NO;
				CLANG_ANALYZER_NONNULL = YES;
				CLANG_ANALYZER_NUMBER_OBJECT_CONVERSION = YES_AGGRESSIVE;
				CLANG_CXX_LANGUAGE_STANDARD = "gnu++14";
				CLANG_CXX_LIBRARY = "libc++";
				CLANG_ENABLE_MODULES = YES;
				CLANG_ENABLE_OBJC_ARC = YES;
				CLANG_ENABLE_OBJC_WEAK = YES;
				CLANG_WARN_BLOCK_CAPTURE_AUTORELEASING = YES;
				CLANG_WARN_BOOL_CONVERSION = YES;
				CLANG_WARN_COMMA = YES;
				CLANG_WARN_CONSTANT_CONVERSION = YES;
				CLANG_WARN_DEPRECATED_OBJC_IMPLEMENTATIONS = YES;
				CLANG_WARN_DIRECT_OBJC_ISA_USAGE = YES_ERROR;
				CLANG_WARN_DOCUMENTATION_COMMENTS = YES;
				CLANG_WARN_EMPTY_BODY = YES;
				CLANG_WARN_ENUM_CONVERSION = YES;
				CLANG_WARN_INFINITE_RECURSION = YES;
				CLANG_WARN_INT_CONVERSION = YES;
				CLANG_WARN_NON_LITERAL_NULL_CONVERSION = YES;
				CLANG_WARN_OBJC_IMPLICIT_RETAIN_SELF = YES;
				CLANG_WARN_OBJC_LITERAL_CONVERSION = YES;
				CLANG_WARN_OBJC_ROOT_CLASS = YES_ERROR;
				CLANG_WARN_RANGE_LOOP_ANALYSIS = YES;
				CLANG_WARN_STRICT_PROTOTYPES = YES;
				CLANG_WARN_SUSPICIOUS_MOVE = YES;
				CLANG_WARN_UNGUARDED_AVAILABILITY = YES_AGGRESSIVE;
				CLANG_WARN_UNREACHABLE_CODE = YES;
				CLANG_WARN__DUPLICATE_METHOD_MATCH = YES;
				COPY_PHASE_STRIP = NO;
				DEBUG_INFORMATION_FORMAT = "dwarf-with-dsym";
				ENABLE_NS_ASSERTIONS = NO;
				ENABLE_STRICT_OBJC_MSGSEND = YES;
				GCC_C_LANGUAGE_STANDARD = gnu11;
				GCC_NO_COMMON_BLOCKS = YES;
				GCC_WARN_64_TO_32_BIT_CONVERSION = YES;
				GCC_WARN_ABOUT_RETURN_TYPE = YES_ERROR;
				GCC_WARN_UNDECLARED_SELECTOR = YES;
				GCC_WARN_UNINITIALIZED_AUTOS = YES_AGGRESSIVE;
				GCC_WARN_UNUSED_FUNCTION = YES;
				GCC_WARN_UNUSED_VARIABLE = YES;
				IPHONEOS_DEPLOYMENT_TARGET = 13.2;
				MTL_ENABLE_DEBUG_INFO = NO;
				MTL_FAST_MATH = YES;
				SDKROOT = iphoneos;
				SWIFT_COMPILATION_MODE = wholemodule;
				SWIFT_OPTIMIZATION_LEVEL = "-O";
				VALIDATE_PRODUCT = YES;
			};
			name = Release;
		};
		3A97A21524856DBA00AD95E0 /* Debug */ = {
			isa = XCBuildConfiguration;
			baseConfigurationReference = F1CB2E2C3256481FB1C2002D /* Pods-LanguageClasses.debug.xcconfig */;
			buildSettings = {
				ASSETCATALOG_COMPILER_APPICON_NAME = AppIcon;
				CODE_SIGN_STYLE = Automatic;
				DEVELOPMENT_TEAM = 5Q5QZZ9XSR;
				INFOPLIST_FILE = LanguageClasses/Info.plist;
				LD_RUNPATH_SEARCH_PATHS = (
					"$(inherited)",
					"@executable_path/Frameworks",
				);
				PRODUCT_BUNDLE_IDENTIFIER = LanguageClasses;
				PRODUCT_NAME = "$(TARGET_NAME)";
				SWIFT_VERSION = 5.0;
				TARGETED_DEVICE_FAMILY = "1,2";
			};
			name = Debug;
		};
		3A97A21624856DBA00AD95E0 /* Release */ = {
			isa = XCBuildConfiguration;
			baseConfigurationReference = 643508E8858E4F234525B6D4 /* Pods-LanguageClasses.release.xcconfig */;
			buildSettings = {
				ASSETCATALOG_COMPILER_APPICON_NAME = AppIcon;
				CODE_SIGN_STYLE = Automatic;
				DEVELOPMENT_TEAM = 5Q5QZZ9XSR;
				INFOPLIST_FILE = LanguageClasses/Info.plist;
				LD_RUNPATH_SEARCH_PATHS = (
					"$(inherited)",
					"@executable_path/Frameworks",
				);
				PRODUCT_BUNDLE_IDENTIFIER = LanguageClasses;
				PRODUCT_NAME = "$(TARGET_NAME)";
				SWIFT_VERSION = 5.0;
				TARGETED_DEVICE_FAMILY = "1,2";
			};
			name = Release;
		};
/* End XCBuildConfiguration section */

/* Begin XCConfigurationList section */
		3A97A1FB24856DB700AD95E0 /* Build configuration list for PBXProject "LanguageClasses" */ = {
			isa = XCConfigurationList;
			buildConfigurations = (
				3A97A21224856DBA00AD95E0 /* Debug */,
				3A97A21324856DBA00AD95E0 /* Release */,
			);
			defaultConfigurationIsVisible = 0;
			defaultConfigurationName = Release;
		};
		3A97A21424856DBA00AD95E0 /* Build configuration list for PBXNativeTarget "LanguageClasses" */ = {
			isa = XCConfigurationList;
			buildConfigurations = (
				3A97A21524856DBA00AD95E0 /* Debug */,
				3A97A21624856DBA00AD95E0 /* Release */,
			);
			defaultConfigurationIsVisible = 0;
			defaultConfigurationName = Release;
		};
/* End XCConfigurationList section */
	};
	rootObject = 3A97A1F824856DB700AD95E0 /* Project object */;
}
